
Microsoft Visual Studio Solution File, Format Version 12.00
# Visual Studio Version 16
VisualStudioVersion = 16.0.31624.102
MinimumVisualStudioVersion = 10.0.40219.1
Project("{FAE04EC0-301F-11D3-BF4B-00C04F79EFBC}") = "Project Lions", "Project Lions\Project Lions.csproj", "{24982720-3BA5-4B7E-ACBC-FA1DEE47080E}"
EndProject
Global
	GlobalSection(SolutionConfigurationPlatforms) = preSolution
		Debug|Any CPU = Debug|Any CPU
		Release|Any CPU = Release|Any CPU
	EndGlobalSection
	GlobalSection(ProjectConfigurationPlatforms) = postSolution
		{24982720-3BA5-4B7E-ACBC-FA1DEE47080E}.Debug|Any CPU.ActiveCfg = Debug|Any CPU
		{24982720-3BA5-4B7E-ACBC-FA1DEE47080E}.Debug|Any CPU.Build.0 = Debug|Any CPU
		{24982720-3BA5-4B7E-ACBC-FA1DEE47080E}.Release|Any CPU.ActiveCfg = Release|Any CPU
		{24982720-3BA5-4B7E-ACBC-FA1DEE47080E}.Release|Any CPU.Build.0 = Release|Any CPU
	EndGlobalSection
	GlobalSection(SolutionProperties) = preSolution
		HideSolutionNode = FALSE
	EndGlobalSection
	GlobalSection(ExtensibilityGlobals) = postSolution
		SolutionGuid = {113BFCEF-F279-4406-9BB3-D6560091F8DA}
	EndGlobalSection
EndGlobal
